
Microsoft Visual Studio Solution File, Format Version 12.00
# Visual Studio Version 17
VisualStudioVersion = 17.14.36414.22 d17.14
MinimumVisualStudioVersion = 10.0.40219.1
Project("{FAE04EC0-301F-11D3-BF4B-00C04F79EFBC}") = "ICETask3", "ICETask3.csproj", "{A35A72D2-34C2-4E11-AC42-BD86568C6902}"
EndProject
Global
	GlobalSection(SolutionConfigurationPlatforms) = preSolution
		Debug|Any CPU = Debug|Any CPU
		Release|Any CPU = Release|Any CPU
	EndGlobalSection
	GlobalSection(ProjectConfigurationPlatforms) = postSolution
		{A35A72D2-34C2-4E11-AC42-BD86568C6902}.Debug|Any CPU.ActiveCfg = Debug|Any CPU
		{A35A72D2-34C2-4E11-AC42-BD86568C6902}.Debug|Any CPU.Build.0 = Debug|Any CPU
		{A35A72D2-34C2-4E11-AC42-BD86568C6902}.Release|Any CPU.ActiveCfg = Release|Any CPU
		{A35A72D2-34C2-4E11-AC42-BD86568C6902}.Release|Any CPU.Build.0 = Release|Any CPU
	EndGlobalSection
	GlobalSection(SolutionProperties) = preSolution
		HideSolutionNode = FALSE
	EndGlobalSection
	GlobalSection(ExtensibilityGlobals) = postSolution
		SolutionGuid = {485B0456-8CA4-4BB5-9E2A-38C4CC94376A}
	EndGlobalSection
EndGlobal
